
Microsoft Visual Studio Solution File, Format Version 12.00
# Visual Studio Version 16
VisualStudioVersion = 16.0.29709.97
MinimumVisualStudioVersion = 10.0.40219.1
Project("{9A19103F-16F7-4668-BE54-9A1E7A4F7556}") = "OXXGame", "OXXGame\OXXGame.csproj", "{EDCB4C41-7552-4339-9873-848A20282385}"
EndProject
Project("{FAE04EC0-301F-11D3-BF4B-00C04F79EFBC}") = "OXXGame.test", "OXXGame.test\OXXGame.test.csproj", "{35260F11-42D2-4EF9-8BA5-223119B4732E}"
EndProject
Global
	GlobalSection(SolutionConfigurationPlatforms) = preSolution
		Debug|Any CPU = Debug|Any CPU
		Release|Any CPU = Release|Any CPU
	EndGlobalSection
	GlobalSection(ProjectConfigurationPlatforms) = postSolution
		{EDCB4C41-7552-4339-9873-848A20282385}.Debug|Any CPU.ActiveCfg = Debug|Any CPU
		{EDCB4C41-7552-4339-9873-848A20282385}.Debug|Any CPU.Build.0 = Debug|Any CPU
		{EDCB4C41-7552-4339-9873-848A20282385}.Release|Any CPU.ActiveCfg = Release|Any CPU
		{EDCB4C41-7552-4339-9873-848A20282385}.Release|Any CPU.Build.0 = Release|Any CPU
		{35260F11-42D2-4EF9-8BA5-223119B4732E}.Debug|Any CPU.ActiveCfg = Debug|Any CPU
		{35260F11-42D2-4EF9-8BA5-223119B4732E}.Debug|Any CPU.Build.0 = Debug|Any CPU
		{35260F11-42D2-4EF9-8BA5-223119B4732E}.Release|Any CPU.ActiveCfg = Release|Any CPU
		{35260F11-42D2-4EF9-8BA5-223119B4732E}.Release|Any CPU.Build.0 = Release|Any CPU
	EndGlobalSection
	GlobalSection(SolutionProperties) = preSolution
		HideSolutionNode = FALSE
	EndGlobalSection
	GlobalSection(ExtensibilityGlobals) = postSolution
		SolutionGuid = {C1F2D1B6-9895-48BA-BFF1-3FB282B4637C}
	EndGlobalSection
EndGlobal
